
Microsoft Visual Studio Solution File, Format Version 11.00
# Visual Studio 2010
# SharpDevelop 5.1
Project("{FAE04EC0-301F-11D3-BF4B-00C04F79EFBC}") = "AutoMapView2", "AutoMapView2\AutoMapView2.csproj", "{bf3eca81-4657-4d8a-bda6-911838bd31a7}"
EndProject
Global
	GlobalSection(SolutionConfigurationPlatforms) = preSolution
		Debug|Any CPU = Debug|Any CPU
		Release|Any CPU = Release|Any CPU
	EndGlobalSection
	GlobalSection(ProjectConfigurationPlatforms) = postSolution
		{bf3eca81-4657-4d8a-bda6-911838bd31a7}.Debug|Any CPU.ActiveCfg = Debug|Any CPU
		{bf3eca81-4657-4d8a-bda6-911838bd31a7}.Debug|Any CPU.Build.0 = Debug|Any CPU
		{bf3eca81-4657-4d8a-bda6-911838bd31a7}.Release|Any CPU.ActiveCfg = Release|Any CPU
		{bf3eca81-4657-4d8a-bda6-911838bd31a7}.Release|Any CPU.Build.0 = Release|Any CPU
	EndGlobalSection
EndGlobal